
Microsoft Visual Studio Solution File, Format Version 12.00
# Visual Studio 15
VisualStudioVersion = 15.0.28010.2050
MinimumVisualStudioVersion = 10.0.40219.1
Project("{FAE04EC0-301F-11D3-BF4B-00C04F79EFBC}") = "UsingViewComponents", "UsingViewComponents\UsingViewComponents.csproj", "{6014C032-C1CA-4101-A752-EECFC788239D}"
EndProject
Global
	GlobalSection(SolutionConfigurationPlatforms) = preSolution
		Debug|Any CPU = Debug|Any CPU
		Release|Any CPU = Release|Any CPU
	EndGlobalSection
	GlobalSection(ProjectConfigurationPlatforms) = postSolution
		{6014C032-C1CA-4101-A752-EECFC788239D}.Debug|Any CPU.ActiveCfg = Debug|Any CPU
		{6014C032-C1CA-4101-A752-EECFC788239D}.Debug|Any CPU.Build.0 = Debug|Any CPU
		{6014C032-C1CA-4101-A752-EECFC788239D}.Release|Any CPU.ActiveCfg = Release|Any CPU
		{6014C032-C1CA-4101-A752-EECFC788239D}.Release|Any CPU.Build.0 = Release|Any CPU
	EndGlobalSection
	GlobalSection(SolutionProperties) = preSolution
		HideSolutionNode = FALSE
	EndGlobalSection
	GlobalSection(ExtensibilityGlobals) = postSolution
		SolutionGuid = {DC8CE5B4-0012-4FD4-94AE-5416C98593A4}
	EndGlobalSection
EndGlobal
